
Microsoft Visual Studio Solution File, Format Version 12.00
Project("{FAE04EC0-301F-11D3-BF4B-00C04F79EFBC}") = "Warehouse", "Warehouse\Warehouse.csproj", "{A29E98D4-E1EB-42C8-B434-8F80DE54A042}"
EndProject
Global
	GlobalSection(SolutionConfigurationPlatforms) = preSolution
		Debug|Any CPU = Debug|Any CPU
		Release|Any CPU = Release|Any CPU
	EndGlobalSection
	GlobalSection(ProjectConfigurationPlatforms) = postSolution
		{A29E98D4-E1EB-42C8-B434-8F80DE54A042}.Debug|Any CPU.ActiveCfg = Debug|Any CPU
		{A29E98D4-E1EB-42C8-B434-8F80DE54A042}.Debug|Any CPU.Build.0 = Debug|Any CPU
		{A29E98D4-E1EB-42C8-B434-8F80DE54A042}.Release|Any CPU.ActiveCfg = Release|Any CPU
		{A29E98D4-E1EB-42C8-B434-8F80DE54A042}.Release|Any CPU.Build.0 = Release|Any CPU
	EndGlobalSection
EndGlobal
